<?xml version="1.0" encoding="utf-8"?>
<Project ToolsVersion="4.0" xmlns="http://schemas.microsoft.com/developer/msbuild/2003">
  <ItemGroup>
    <Filter Include="소스 파일">
      <UniqueIdentifier>{4FC737F1-C7A5-4376-A066-2A32D752A2FF}</UniqueIdentifier>
      <Extensions>cpp;c;cc;cxx;def;odl;idl;hpj;bat;asm;asmx</Extensions>
    </Filter>
    <Filter Include="헤더 파일">
      <UniqueIdentifier>{93995380-89BD-4b04-88EB-625FBE52EBFB}</UniqueIdentifier>
      <Extensions>h;hh;hpp;hxx;hm;inl;inc;xsd</Extensions>
    </Filter>
    <Filter Include="리소스 파일">
      <UniqueIdentifier>{67DA6AB6-F800-4c08-8B7A-83BB121AAD01}</UniqueIdentifier>
      <Extensions>rc;ico;cur;bmp;dlg;rc2;rct;bin;rgs;gif;jpg;jpeg;jpe;resx;tiff;tif;png;wav;mfcribbon-ms</Extensions>
    </Filter>
    <Filter Include="소스 파일\Lib">
      <UniqueIdentifier>{a6374737-70f1-410f-ad37-b0baae1ba6d4}</UniqueIdentifier>
    </Filter>
    <Filter Include="소스 파일\Rederers">
      <UniqueIdentifier>{a52d908d-f374-40c5-84f9-e6f184d30835}</UniqueIdentifier>
    </Filter>
    <Filter Include="소스 파일\GameLogic">
      <UniqueIdentifier>{2b22c1a5-059d-4bfe-9039-9484265ff698}</UniqueIdentifier>
    </Filter>
    <Filter Include="소스 파일\initialize">
      <UniqueIdentifier>{6bb8bb05-3987-4b21-afdc-f21fd87f17f9}</UniqueIdentifier>
    </Filter>
  </ItemGroup>
  <ItemGroup>
    <ClCompile Include="Win32Maincpp.cpp">
      <Filter>소스 파일</Filter>
    </ClCompile>
    <ClCompile Include="Win32Client.cpp">
      <Filter>소스 파일</Filter>
    </ClCompile>
    <ClCompile Include="Scene.cpp">
      <Filter>소스 파일\Lib</Filter>
    </ClCompile>
    <ClCompile Include="Renderer.cpp">
      <Filter>소스 파일\Rederers</Filter>
    </ClCompile>
    <ClCompile Include="Sprite.cpp">
      <Filter>소스 파일\Lib</Filter>
    </ClCompile>
    <ClCompile Include="TestScene.cpp">
      <Filter>소스 파일\GameLogic</Filter>
    </ClCompile>
    <ClCompile Include="SceneManager.cpp">
      <Filter>소스 파일\Lib</Filter>
    </ClCompile>
    <ClCompile Include="GameInit.cpp">
      <Filter>소스 파일\initialize</Filter>
    </ClCompile>
    <ClCompile Include="DrawableNode.cpp">
      <Filter>소스 파일</Filter>
    </ClCompile>
  </ItemGroup>
  <ItemGroup>
    <ClInclude Include="Win32Client.h">
      <Filter>소스 파일</Filter>
    </ClInclude>
    <ClInclude Include="DrawableNode.h">
      <Filter>소스 파일</Filter>
    </ClInclude>
    <ClInclude Include="Scene.h">
      <Filter>소스 파일\Lib</Filter>
    </ClInclude>
    <ClInclude Include="Renderer.h">
      <Filter>소스 파일\Rederers</Filter>
    </ClInclude>
    <ClInclude Include="TextureManager.h">
      <Filter>소스 파일\Rederers</Filter>
    </ClInclude>
    <ClInclude Include="Sprite.h">
      <Filter>소스 파일\Lib</Filter>
    </ClInclude>
    <ClInclude Include="GameInit.h">
      <Filter>소스 파일\initialize</Filter>
    </ClInclude>
    <ClInclude Include="TestScene.h">
      <Filter>소스 파일\GameLogic</Filter>
    </ClInclude>
    <ClInclude Include="SceneManager.h">
      <Filter>소스 파일\Lib</Filter>
    </ClInclude>
  </ItemGroup>
  <ItemGroup>
    <FxCompile Include="VertexShader.fx">
      <Filter>리소스 파일</Filter>
    </FxCompile>
    <FxCompile Include="PixelShader.fx">
      <Filter>리소스 파일</Filter>
    </FxCompile>
  </ItemGroup>
</Project>